// !$*UTF8*$!
{
	archiveVersion = 1;
	classes = {
	};
	objectVersion = 46;
	objects = {

/* Begin PBXBuildFile section */
		8108CB881F732FD600A7900C /* main.m in Sources */ = {isa = PBXBuildFile; fileRef = 8108CB871F732FD600A7900C /* main.m */; };
		8108CB8B1F732FD600A7900C /* AppDelegate.m in Sources */ = {isa = PBXBuildFile; fileRef = 8108CB8A1F732FD600A7900C /* AppDelegate.m */; };
		8108CB911F732FD600A7900C /* Main.storyboard in Resources */ = {isa = PBXBuildFile; fileRef = 8108CB8F1F732FD600A7900C /* Main.storyboard */; };
		8108CB931F732FD600A7900C /* Assets.xcassets in Resources */ = {isa = PBXBuildFile; fileRef = 8108CB921F732FD600A7900C /* Assets.xcassets */; };
		8108CB961F732FD600A7900C /* LaunchScreen.storyboard in Resources */ = {isa = PBXBuildFile; fileRef = 8108CB941F732FD600A7900C /* LaunchScreen.storyboard */; };
		8108CBA31F7336C200A7900C /* cellMainTable.m in Sources */ = {isa = PBXBuildFile; fileRef = 8108CBA11F7336C200A7900C /* cellMainTable.m */; };
		8108CBA41F7336C200A7900C /* cellMainTable.xib in Resources */ = {isa = PBXBuildFile; fileRef = 8108CBA21F7336C200A7900C /* cellMainTable.xib */; };
		81F20CA91F7B376D00F04B15 /* AddCellViewController.m in Sources */ = {isa = PBXBuildFile; fileRef = 81F20CA81F7B376D00F04B15 /* AddCellViewController.m */; };
		81F9A8111F7BF83D00F90021 /* InfoViewController.m in Sources */ = {isa = PBXBuildFile; fileRef = 81F9A8101F7BF83D00F90021 /* InfoViewController.m */; };
		81F9A8141F7C23B800F90021 /* ViewController.m in Sources */ = {isa = PBXBuildFile; fileRef = 81F9A8131F7C23B800F90021 /* ViewController.m */; };
		81F9A81B1F7C23F400F90021 /* arya.jpg in Resources */ = {isa = PBXBuildFile; fileRef = 81F9A8151F7C23F400F90021 /* arya.jpg */; };
		81F9A81C1F7C23F400F90021 /* cersei.jpg in Resources */ = {isa = PBXBuildFile; fileRef = 81F9A8161F7C23F400F90021 /* cersei.jpg */; };
		81F9A81D1F7C23F400F90021 /* daenerys.jpg in Resources */ = {isa = PBXBuildFile; fileRef = 81F9A8171F7C23F400F90021 /* daenerys.jpg */; };
		81F9A81E1F7C23F400F90021 /* jon-snow.jpg in Resources */ = {isa = PBXBuildFile; fileRef = 81F9A8181F7C23F400F90021 /* jon-snow.jpg */; };
		81F9A81F1F7C23F400F90021 /* sansa.jpg in Resources */ = {isa = PBXBuildFile; fileRef = 81F9A8191F7C23F400F90021 /* sansa.jpg */; };
		81F9A8201F7C23F400F90021 /* tyrion.jpg in Resources */ = {isa = PBXBuildFile; fileRef = 81F9A81A1F7C23F400F90021 /* tyrion.jpg */; };
/* End PBXBuildFile section */

/* Begin PBXFileReference section */
		8108CB831F732FD600A7900C /* Mi primera tabla.app */ = {isa = PBXFileReference; explicitFileType = wrapper.application; includeInIndex = 0; path = "Mi primera tabla.app"; sourceTree = BUILT_PRODUCTS_DIR; };
		8108CB871F732FD600A7900C /* main.m */ = {isa = PBXFileReference; lastKnownFileType = sourcecode.c.objc; path = main.m; sourceTree = "<group>"; };
		8108CB891F732FD600A7900C /* AppDelegate.h */ = {isa = PBXFileReference; lastKnownFileType = sourcecode.c.h; path = AppDelegate.h; sourceTree = "<group>"; };
		8108CB8A1F732FD600A7900C /* AppDelegate.m */ = {isa = PBXFileReference; lastKnownFileType = sourcecode.c.objc; path = AppDelegate.m; sourceTree = "<group>"; };
		8108CB901F732FD600A7900C /* Base */ = {isa = PBXFileReference; lastKnownFileType = file.storyboard; name = Base; path = Base.lproj/Main.storyboard; sourceTree = "<group>"; };
		8108CB921F732FD600A7900C /* Assets.xcassets */ = {isa = PBXFileReference; lastKnownFileType = folder.assetcatalog; path = Assets.xcassets; sourceTree = "<group>"; };
		8108CB951F732FD600A7900C /* Base */ = {isa = PBXFileReference; lastKnownFileType = file.storyboard; name = Base; path = Base.lproj/LaunchScreen.storyboard; sourceTree = "<group>"; };
		8108CB971F732FD600A7900C /* Info.plist */ = {isa = PBXFileReference; lastKnownFileType = text.plist.xml; path = Info.plist; sourceTree = "<group>"; };
		8108CBA01F7336C200A7900C /* cellMainTable.h */ = {isa = PBXFileReference; fileEncoding = 4; lastKnownFileType = sourcecode.c.h; path = cellMainTable.h; sourceTree = "<group>"; };
		8108CBA11F7336C200A7900C /* cellMainTable.m */ = {isa = PBXFileReference; fileEncoding = 4; lastKnownFileType = sourcecode.c.objc; path = cellMainTable.m; sourceTree = "<group>"; };
		8108CBA21F7336C200A7900C /* cellMainTable.xib */ = {isa = PBXFileReference; fileEncoding = 4; lastKnownFileType = file.xib; path = cellMainTable.xib; sourceTree = "<group>"; };
		81F20CA71F7B376D00F04B15 /* AddCellViewController.h */ = {isa = PBXFileReference; fileEncoding = 4; lastKnownFileType = sourcecode.c.h; path = AddCellViewController.h; sourceTree = "<group>"; };
		81F20CA81F7B376D00F04B15 /* AddCellViewController.m */ = {isa = PBXFileReference; fileEncoding = 4; lastKnownFileType = sourcecode.c.objc; path = AddCellViewController.m; sourceTree = "<group>"; };
		81F9A80F1F7BF83D00F90021 /* InfoViewController.h */ = {isa = PBXFileReference; fileEncoding = 4; lastKnownFileType = sourcecode.c.h; path = InfoViewController.h; sourceTree = "<group>"; };
		81F9A8101F7BF83D00F90021 /* InfoViewController.m */ = {isa = PBXFileReference; fileEncoding = 4; lastKnownFileType = sourcecode.c.objc; path = InfoViewController.m; sourceTree = "<group>"; };
		81F9A8121F7C23B800F90021 /* ViewController.h */ = {isa = PBXFileReference; fileEncoding = 4; lastKnownFileType = sourcecode.c.h; path = ViewController.h; sourceTree = "<group>"; };
		81F9A8131F7C23B800F90021 /* ViewController.m */ = {isa = PBXFileReference; fileEncoding = 4; lastKnownFileType = sourcecode.c.objc; path = ViewController.m; sourceTree = "<group>"; };
		81F9A8151F7C23F400F90021 /* arya.jpg */ = {isa = PBXFileReference; lastKnownFileType = image.jpeg; name = arya.jpg; path = imgs/arya.jpg; sourceTree = "<group>"; };
		81F9A8161F7C23F400F90021 /* cersei.jpg */ = {isa = PBXFileReference; lastKnownFileType = image.jpeg; name = cersei.jpg; path = imgs/cersei.jpg; sourceTree = "<group>"; };
		81F9A8171F7C23F400F90021 /* daenerys.jpg */ = {isa = PBXFileReference; lastKnownFileType = image.jpeg; name = daenerys.jpg; path = imgs/daenerys.jpg; sourceTree = "<group>"; };
		81F9A8181F7C23F400F90021 /* jon-snow.jpg */ = {isa = PBXFileReference; lastKnownFileType = image.jpeg; name = "jon-snow.jpg"; path = "imgs/jon-snow.jpg"; sourceTree = "<group>"; };
		81F9A8191F7C23F400F90021 /* sansa.jpg */ = {isa = PBXFileReference; lastKnownFileType = image.jpeg; name = sansa.jpg; path = imgs/sansa.jpg; sourceTree = "<group>"; };
		81F9A81A1F7C23F400F90021 /* tyrion.jpg */ = {isa = PBXFileReference; lastKnownFileType = image.jpeg; name = tyrion.jpg; path = imgs/tyrion.jpg; sourceTree = "<group>"; };
/* End PBXFileReference section */

/* Begin PBXFrameworksBuildPhase section */
		8108CB801F732FD600A7900C /* Frameworks */ = {
			isa = PBXFrameworksBuildPhase;
			buildActionMask = 2147483647;
			files = (
			);
			runOnlyForDeploymentPostprocessing = 0;
		};
/* End PBXFrameworksBuildPhase section */

/* Begin PBXGroup section */
		8108CB7A1F732FD600A7900C = {
			isa = PBXGroup;
			children = (
				8108CB851F732FD600A7900C /* Mi primera tabla */,
				8108CB841F732FD600A7900C /* Products */,
			);
			sourceTree = "<group>";
		};
		8108CB841F732FD600A7900C /* Products */ = {
			isa = PBXGroup;
			children = (
				8108CB831F732FD600A7900C /* Mi primera tabla.app */,
			);
			name = Products;
			sourceTree = "<group>";
		};
		8108CB851F732FD600A7900C /* Mi primera tabla */ = {
			isa = PBXGroup;
			children = (
				8108CBA71F734A2F00A7900C /* Images */,
				8108CB9F1F73361600A7900C /* Cells */,
				8108CB9E1F73300500A7900C /* Controllers */,
				8108CB9D1F732FEC00A7900C /* Main */,
				8108CB8F1F732FD600A7900C /* Main.storyboard */,
				8108CB921F732FD600A7900C /* Assets.xcassets */,
				8108CB941F732FD600A7900C /* LaunchScreen.storyboard */,
				8108CB971F732FD600A7900C /* Info.plist */,
				8108CB861F732FD600A7900C /* Supporting Files */,
			);
			path = "Mi primera tabla";
			sourceTree = "<group>";
		};
		8108CB861F732FD600A7900C /* Supporting Files */ = {
			isa = PBXGroup;
			children = (
				8108CB871F732FD600A7900C /* main.m */,
			);
			name = "Supporting Files";
			sourceTree = "<group>";
		};
		8108CB9D1F732FEC00A7900C /* Main */ = {
			isa = PBXGroup;
			children = (
				8108CB891F732FD600A7900C /* AppDelegate.h */,
				8108CB8A1F732FD600A7900C /* AppDelegate.m */,
			);
			name = Main;
			sourceTree = "<group>";
		};
		8108CB9E1F73300500A7900C /* Controllers */ = {
			isa = PBXGroup;
			children = (
				81F9A8121F7C23B800F90021 /* ViewController.h */,
				81F9A8131F7C23B800F90021 /* ViewController.m */,
				81F20CA71F7B376D00F04B15 /* AddCellViewController.h */,
				81F20CA81F7B376D00F04B15 /* AddCellViewController.m */,
				81F9A80F1F7BF83D00F90021 /* InfoViewController.h */,
				81F9A8101F7BF83D00F90021 /* InfoViewController.m */,
			);
			name = Controllers;
			sourceTree = "<group>";
		};
		8108CB9F1F73361600A7900C /* Cells */ = {
			isa = PBXGroup;
			children = (
				8108CBA01F7336C200A7900C /* cellMainTable.h */,
				8108CBA11F7336C200A7900C /* cellMainTable.m */,
				8108CBA21F7336C200A7900C /* cellMainTable.xib */,
			);
			name = Cells;
			sourceTree = "<group>";
		};
		8108CBA71F734A2F00A7900C /* Images */ = {
			isa = PBXGroup;
			children = (
				81F9A8151F7C23F400F90021 /* arya.jpg */,
				81F9A8161F7C23F400F90021 /* cersei.jpg */,
				81F9A8171F7C23F400F90021 /* daenerys.jpg */,
				81F9A8181F7C23F400F90021 /* jon-snow.jpg */,
				81F9A8191F7C23F400F90021 /* sansa.jpg */,
				81F9A81A1F7C23F400F90021 /* tyrion.jpg */,
			);
			name = Images;
			sourceTree = "<group>";
		};
/* End PBXGroup section */

/* Begin PBXNativeTarget section */
		8108CB821F732FD600A7900C /* Mi primera tabla */ = {
			isa = PBXNativeTarget;
			buildConfigurationList = 8108CB9A1F732FD600A7900C /* Build configuration list for PBXNativeTarget "Mi primera tabla" */;
			buildPhases = (
				8108CB7F1F732FD600A7900C /* Sources */,
				8108CB801F732FD600A7900C /* Frameworks */,
				8108CB811F732FD600A7900C /* Resources */,
			);
			buildRules = (
			);
			dependencies = (
			);
			name = "Mi primera tabla";
			productName = "Mi primera tabla";
			productReference = 8108CB831F732FD600A7900C /* Mi primera tabla.app */;
			productType = "com.apple.product-type.application";
		};
/* End PBXNativeTarget section */

/* Begin PBXProject section */
		8108CB7B1F732FD600A7900C /* Project object */ = {
			isa = PBXProject;
			attributes = {
				LastUpgradeCheck = 0830;
				ORGANIZATIONNAME = MacL;
				TargetAttributes = {
					8108CB821F732FD600A7900C = {
						CreatedOnToolsVersion = 8.3.3;
						ProvisioningStyle = Automatic;
					};
				};
			};
			buildConfigurationList = 8108CB7E1F732FD600A7900C /* Build configuration list for PBXProject "Mi primera tabla" */;
			compatibilityVersion = "Xcode 3.2";
			developmentRegion = English;
			hasScannedForEncodings = 0;
			knownRegions = (
				en,
				Base,
			);
			mainGroup = 8108CB7A1F732FD600A7900C;
			productRefGroup = 8108CB841F732FD600A7900C /* Products */;
			projectDirPath = "";
			projectRoot = "";
			targets = (
				8108CB821F732FD600A7900C /* Mi primera tabla */,
			);
		};
/* End PBXProject section */

/* Begin PBXResourcesBuildPhase section */
		8108CB811F732FD600A7900C /* Resources */ = {
			isa = PBXResourcesBuildPhase;
			buildActionMask = 2147483647;
			files = (
				81F9A81C1F7C23F400F90021 /* cersei.jpg in Resources */,
				8108CB961F732FD600A7900C /* LaunchScreen.storyboard in Resources */,
				81F9A81B1F7C23F400F90021 /* arya.jpg in Resources */,
				81F9A81D1F7C23F400F90021 /* daenerys.jpg in Resources */,
				8108CB931F732FD600A7900C /* Assets.xcassets in Resources */,
				8108CB911F732FD600A7900C /* Main.storyboard in Resources */,
				81F9A8201F7C23F400F90021 /* tyrion.jpg in Resources */,
				81F9A81E1F7C23F400F90021 /* jon-snow.jpg in Resources */,
				8108CBA41F7336C200A7900C /* cellMainTable.xib in Resources */,
				81F9A81F1F7C23F400F90021 /* sansa.jpg in Resources */,
			);
			runOnlyForDeploymentPostprocessing = 0;
		};
/* End PBXResourcesBuildPhase section */

/* Begin PBXSourcesBuildPhase section */
		8108CB7F1F732FD600A7900C /* Sources */ = {
			isa = PBXSourcesBuildPhase;
			buildActionMask = 2147483647;
			files = (
				81F9A8141F7C23B800F90021 /* ViewController.m in Sources */,
				81F20CA91F7B376D00F04B15 /* AddCellViewController.m in Sources */,
				81F9A8111F7BF83D00F90021 /* InfoViewController.m in Sources */,
				8108CB8B1F732FD600A7900C /* AppDelegate.m in Sources */,
				8108CB881F732FD600A7900C /* main.m in Sources */,
				8108CBA31F7336C200A7900C /* cellMainTable.m in Sources */,
			);
			runOnlyForDeploymentPostprocessing = 0;
		};
/* End PBXSourcesBuildPhase section */

/* Begin PBXVariantGroup section */
		8108CB8F1F732FD600A7900C /* Main.storyboard */ = {
			isa = PBXVariantGroup;
			children = (
				8108CB901F732FD600A7900C /* Base */,
			);
			name = Main.storyboard;
			sourceTree = "<group>";
		};
		8108CB941F732FD600A7900C /* LaunchScreen.storyboard */ = {
			isa = PBXVariantGroup;
			children = (
				8108CB951F732FD600A7900C /* Base */,
			);
			name = LaunchScreen.storyboard;
			sourceTree = "<group>";
		};
/* End PBXVariantGroup section */

/* Begin XCBuildConfiguration section */
		8108CB981F732FD600A7900C /* Debug */ = {
			isa = XCBuildConfiguration;
			buildSettings = {
				ALWAYS_SEARCH_USER_PATHS = NO;
				CLANG_ANALYZER_NONNULL = YES;
				CLANG_ANALYZER_NUMBER_OBJECT_CONVERSION = YES_AGGRESSIVE;
				CLANG_CXX_LANGUAGE_STANDARD = "gnu++0x";
				CLANG_CXX_LIBRARY = "libc++";
				CLANG_ENABLE_MODULES = YES;
				CLANG_ENABLE_OBJC_ARC = YES;
				CLANG_WARN_BOOL_CONVERSION = YES;
				CLANG_WARN_CONSTANT_CONVERSION = YES;
				CLANG_WARN_DIRECT_OBJC_ISA_USAGE = YES_ERROR;
				CLANG_WARN_DOCUMENTATION_COMMENTS = YES;
				CLANG_WARN_EMPTY_BODY = YES;
				CLANG_WARN_ENUM_CONVERSION = YES;
				CLANG_WARN_INFINITE_RECURSION = YES;
				CLANG_WARN_INT_CONVERSION = YES;
				CLANG_WARN_OBJC_ROOT_CLASS = YES_ERROR;
				CLANG_WARN_SUSPICIOUS_MOVE = YES;
				CLANG_WARN_UNREACHABLE_CODE = YES;
				CLANG_WARN__DUPLICATE_METHOD_MATCH = YES;
				"CODE_SIGN_IDENTITY[sdk=iphoneos*]" = "iPhone Developer";
				COPY_PHASE_STRIP = NO;
				DEBUG_INFORMATION_FORMAT = dwarf;
				ENABLE_STRICT_OBJC_MSGSEND = YES;
				ENABLE_TESTABILITY = YES;
				GCC_C_LANGUAGE_STANDARD = gnu99;
				GCC_DYNAMIC_NO_PIC = NO;
				GCC_NO_COMMON_BLOCKS = YES;
				GCC_OPTIMIZATION_LEVEL = 0;
				GCC_PREPROCESSOR_DEFINITIONS = (
					"DEBUG=1",
					"$(inherited)",
				);
				GCC_WARN_64_TO_32_BIT_CONVERSION = YES;
				GCC_WARN_ABOUT_RETURN_TYPE = YES_ERROR;
				GCC_WARN_UNDECLARED_SELECTOR = YES;
				GCC_WARN_UNINITIALIZED_AUTOS = YES_AGGRESSIVE;
				GCC_WARN_UNUSED_FUNCTION = YES;
				GCC_WARN_UNUSED_VARIABLE = YES;
				IPHONEOS_DEPLOYMENT_TARGET = 10.3;
				MTL_ENABLE_DEBUG_INFO = YES;
				ONLY_ACTIVE_ARCH = YES;
				SDKROOT = iphoneos;
			};
			name = Debug;
		};
		8108CB991F732FD600A7900C /* Release */ = {
			isa = XCBuildConfiguration;
			buildSettings = {
				ALWAYS_SEARCH_USER_PATHS = NO;
				CLANG_ANALYZER_NONNULL = YES;
				CLANG_ANALYZER_NUMBER_OBJECT_CONVERSION = YES_AGGRESSIVE;
				CLANG_CXX_LANGUAGE_STANDARD = "gnu++0x";
				CLANG_CXX_LIBRARY = "libc++";
				CLANG_ENABLE_MODULES = YES;
				CLANG_ENABLE_OBJC_ARC = YES;
				CLANG_WARN_BOOL_CONVERSION = YES;
				CLANG_WARN_CONSTANT_CONVERSION = YES;
				CLANG_WARN_DIRECT_OBJC_ISA_USAGE = YES_ERROR;
				CLANG_WARN_DOCUMENTATION_COMMENTS = YES;
				CLANG_WARN_EMPTY_BODY = YES;
				CLANG_WARN_ENUM_CONVERSION = YES;
				CLANG_WARN_INFINITE_RECURSION = YES;
				CLANG_WARN_INT_CONVERSION = YES;
				CLANG_WARN_OBJC_ROOT_CLASS = YES_ERROR;
				CLANG_WARN_SUSPICIOUS_MOVE = YES;
				CLANG_WARN_UNREACHABLE_CODE = YES;
				CLANG_WARN__DUPLICATE_METHOD_MATCH = YES;
				"CODE_SIGN_IDENTITY[sdk=iphoneos*]" = "iPhone Developer";
				COPY_PHASE_STRIP = NO;
				DEBUG_INFORMATION_FORMAT = "dwarf-with-dsym";
				ENABLE_NS_ASSERTIONS = NO;
				ENABLE_STRICT_OBJC_MSGSEND = YES;
				GCC_C_LANGUAGE_STANDARD = gnu99;
				GCC_NO_COMMON_BLOCKS = YES;
				GCC_WARN_64_TO_32_BIT_CONVERSION = YES;
				GCC_WARN_ABOUT_RETURN_TYPE = YES_ERROR;
				GCC_WARN_UNDECLARED_SELECTOR = YES;
				GCC_WARN_UNINITIALIZED_AUTOS = YES_AGGRESSIVE;
				GCC_WARN_UNUSED_FUNCTION = YES;
				GCC_WARN_UNUSED_VARIABLE = YES;
				IPHONEOS_DEPLOYMENT_TARGET = 10.3;
				MTL_ENABLE_DEBUG_INFO = NO;
				SDKROOT = iphoneos;
				VALIDATE_PRODUCT = YES;
			};
			name = Release;
		};
		8108CB9B1F732FD600A7900C /* Debug */ = {
			isa = XCBuildConfiguration;
			buildSettings = {
				ASSETCATALOG_COMPILER_APPICON_NAME = AppIcon;
				INFOPLIST_FILE = "Mi primera tabla/Info.plist";
				LD_RUNPATH_SEARCH_PATHS = "$(inherited) @executable_path/Frameworks";
				PRODUCT_BUNDLE_IDENTIFIER = "com.mac.Mi-primera-tabla";
				PRODUCT_NAME = "$(TARGET_NAME)";
			};
			name = Debug;
		};
		8108CB9C1F732FD600A7900C /* Release */ = {
			isa = XCBuildConfiguration;
			buildSettings = {
				ASSETCATALOG_COMPILER_APPICON_NAME = AppIcon;
				INFOPLIST_FILE = "Mi primera tabla/Info.plist";
				LD_RUNPATH_SEARCH_PATHS = "$(inherited) @executable_path/Frameworks";
				PRODUCT_BUNDLE_IDENTIFIER = "com.mac.Mi-primera-tabla";
				PRODUCT_NAME = "$(TARGET_NAME)";
			};
			name = Release;
		};
/* End XCBuildConfiguration section */

/* Begin XCConfigurationList section */
		8108CB7E1F732FD600A7900C /* Build configuration list for PBXProject "Mi primera tabla" */ = {
			isa = XCConfigurationList;
			buildConfigurations = (
				8108CB981F732FD600A7900C /* Debug */,
				8108CB991F732FD600A7900C /* Release */,
			);
			defaultConfigurationIsVisible = 0;
			defaultConfigurationName = Release;
		};
		8108CB9A1F732FD600A7900C /* Build configuration list for PBXNativeTarget "Mi primera tabla" */ = {
			isa = XCConfigurationList;
			buildConfigurations = (
				8108CB9B1F732FD600A7900C /* Debug */,
				8108CB9C1F732FD600A7900C /* Release */,
			);
			defaultConfigurationIsVisible = 0;
			defaultConfigurationName = Release;
		};
/* End XCConfigurationList section */
	};
	rootObject = 8108CB7B1F732FD600A7900C /* Project object */;
}
