// !$*UTF8*$!
{
	archiveVersion = 1;
	classes = {
	};
	objectVersion = 46;
	objects = {

/* Begin PBXBuildFile section */
		BE67D05D1F734A4A00CF8BF5 /* arya.jpg in Resources */ = {isa = PBXBuildFile; fileRef = BE67D0571F734A4A00CF8BF5 /* arya.jpg */; };
		BE67D05E1F734A4A00CF8BF5 /* cersei.jpg in Resources */ = {isa = PBXBuildFile; fileRef = BE67D0581F734A4A00CF8BF5 /* cersei.jpg */; };
		BE67D05F1F734A4A00CF8BF5 /* daenerys.jpg in Resources */ = {isa = PBXBuildFile; fileRef = BE67D0591F734A4A00CF8BF5 /* daenerys.jpg */; };
		BE67D0601F734A4A00CF8BF5 /* jon-snow.jpg in Resources */ = {isa = PBXBuildFile; fileRef = BE67D05A1F734A4A00CF8BF5 /* jon-snow.jpg */; };
		BE67D0611F734A4A00CF8BF5 /* sansa.jpg in Resources */ = {isa = PBXBuildFile; fileRef = BE67D05B1F734A4A00CF8BF5 /* sansa.jpg */; };
		BE67D0621F734A4A00CF8BF5 /* tyrion.jpg in Resources */ = {isa = PBXBuildFile; fileRef = BE67D05C1F734A4A00CF8BF5 /* tyrion.jpg */; };
		BEC799E51F73341300CA2E63 /* main.m in Sources */ = {isa = PBXBuildFile; fileRef = BEC799E41F73341300CA2E63 /* main.m */; };
		BEC799E81F73341300CA2E63 /* AppDelegate.m in Sources */ = {isa = PBXBuildFile; fileRef = BEC799E71F73341300CA2E63 /* AppDelegate.m */; };
		BEC799EB1F73341300CA2E63 /* ViewController.m in Sources */ = {isa = PBXBuildFile; fileRef = BEC799EA1F73341300CA2E63 /* ViewController.m */; };
		BEC799EE1F73341400CA2E63 /* Main.storyboard in Resources */ = {isa = PBXBuildFile; fileRef = BEC799EC1F73341400CA2E63 /* Main.storyboard */; };
		BEC799F01F73341400CA2E63 /* Assets.xcassets in Resources */ = {isa = PBXBuildFile; fileRef = BEC799EF1F73341400CA2E63 /* Assets.xcassets */; };
		BEC799F31F73341400CA2E63 /* LaunchScreen.storyboard in Resources */ = {isa = PBXBuildFile; fileRef = BEC799F11F73341400CA2E63 /* LaunchScreen.storyboard */; };
		BEC79A001F7336C100CA2E63 /* cellMainTable.m in Sources */ = {isa = PBXBuildFile; fileRef = BEC799FE1F7336C100CA2E63 /* cellMainTable.m */; };
		BEC79A011F7336C100CA2E63 /* cellMainTable.xib in Resources */ = {isa = PBXBuildFile; fileRef = BEC799FF1F7336C100CA2E63 /* cellMainTable.xib */; };
/* End PBXBuildFile section */

/* Begin PBXFileReference section */
		BE67D0571F734A4A00CF8BF5 /* arya.jpg */ = {isa = PBXFileReference; lastKnownFileType = image.jpeg; name = arya.jpg; path = imgs/arya.jpg; sourceTree = "<group>"; };
		BE67D0581F734A4A00CF8BF5 /* cersei.jpg */ = {isa = PBXFileReference; lastKnownFileType = image.jpeg; name = cersei.jpg; path = imgs/cersei.jpg; sourceTree = "<group>"; };
		BE67D0591F734A4A00CF8BF5 /* daenerys.jpg */ = {isa = PBXFileReference; lastKnownFileType = image.jpeg; name = daenerys.jpg; path = imgs/daenerys.jpg; sourceTree = "<group>"; };
		BE67D05A1F734A4A00CF8BF5 /* jon-snow.jpg */ = {isa = PBXFileReference; lastKnownFileType = image.jpeg; name = "jon-snow.jpg"; path = "imgs/jon-snow.jpg"; sourceTree = "<group>"; };
		BE67D05B1F734A4A00CF8BF5 /* sansa.jpg */ = {isa = PBXFileReference; lastKnownFileType = image.jpeg; name = sansa.jpg; path = imgs/sansa.jpg; sourceTree = "<group>"; };
		BE67D05C1F734A4A00CF8BF5 /* tyrion.jpg */ = {isa = PBXFileReference; lastKnownFileType = image.jpeg; name = tyrion.jpg; path = imgs/tyrion.jpg; sourceTree = "<group>"; };
		BEC799E01F73341200CA2E63 /* Mi primera tabla.app */ = {isa = PBXFileReference; explicitFileType = wrapper.application; includeInIndex = 0; path = "Mi primera tabla.app"; sourceTree = BUILT_PRODUCTS_DIR; };
		BEC799E41F73341300CA2E63 /* main.m */ = {isa = PBXFileReference; lastKnownFileType = sourcecode.c.objc; path = main.m; sourceTree = "<group>"; };
		BEC799E61F73341300CA2E63 /* AppDelegate.h */ = {isa = PBXFileReference; lastKnownFileType = sourcecode.c.h; path = AppDelegate.h; sourceTree = "<group>"; };
		BEC799E71F73341300CA2E63 /* AppDelegate.m */ = {isa = PBXFileReference; lastKnownFileType = sourcecode.c.objc; path = AppDelegate.m; sourceTree = "<group>"; };
		BEC799E91F73341300CA2E63 /* ViewController.h */ = {isa = PBXFileReference; lastKnownFileType = sourcecode.c.h; path = ViewController.h; sourceTree = "<group>"; };
		BEC799EA1F73341300CA2E63 /* ViewController.m */ = {isa = PBXFileReference; lastKnownFileType = sourcecode.c.objc; path = ViewController.m; sourceTree = "<group>"; };
		BEC799ED1F73341400CA2E63 /* Base */ = {isa = PBXFileReference; lastKnownFileType = file.storyboard; name = Base; path = Base.lproj/Main.storyboard; sourceTree = "<group>"; };
		BEC799EF1F73341400CA2E63 /* Assets.xcassets */ = {isa = PBXFileReference; lastKnownFileType = folder.assetcatalog; path = Assets.xcassets; sourceTree = "<group>"; };
		BEC799F21F73341400CA2E63 /* Base */ = {isa = PBXFileReference; lastKnownFileType = file.storyboard; name = Base; path = Base.lproj/LaunchScreen.storyboard; sourceTree = "<group>"; };
		BEC799F41F73341400CA2E63 /* Info.plist */ = {isa = PBXFileReference; lastKnownFileType = text.plist.xml; path = Info.plist; sourceTree = "<group>"; };
		BEC799FD1F7336C100CA2E63 /* cellMainTable.h */ = {isa = PBXFileReference; fileEncoding = 4; lastKnownFileType = sourcecode.c.h; path = cellMainTable.h; sourceTree = "<group>"; };
		BEC799FE1F7336C100CA2E63 /* cellMainTable.m */ = {isa = PBXFileReference; fileEncoding = 4; lastKnownFileType = sourcecode.c.objc; path = cellMainTable.m; sourceTree = "<group>"; };
		BEC799FF1F7336C100CA2E63 /* cellMainTable.xib */ = {isa = PBXFileReference; fileEncoding = 4; lastKnownFileType = file.xib; path = cellMainTable.xib; sourceTree = "<group>"; };
/* End PBXFileReference section */

/* Begin PBXFrameworksBuildPhase section */
		BEC799DD1F73341200CA2E63 /* Frameworks */ = {
			isa = PBXFrameworksBuildPhase;
			buildActionMask = 2147483647;
			files = (
			);
			runOnlyForDeploymentPostprocessing = 0;
		};
/* End PBXFrameworksBuildPhase section */

/* Begin PBXGroup section */
		BE67D0561F734A2400CF8BF5 /* Images */ = {
			isa = PBXGroup;
			children = (
				BE67D0571F734A4A00CF8BF5 /* arya.jpg */,
				BE67D0581F734A4A00CF8BF5 /* cersei.jpg */,
				BE67D0591F734A4A00CF8BF5 /* daenerys.jpg */,
				BE67D05A1F734A4A00CF8BF5 /* jon-snow.jpg */,
				BE67D05B1F734A4A00CF8BF5 /* sansa.jpg */,
				BE67D05C1F734A4A00CF8BF5 /* tyrion.jpg */,
			);
			name = Images;
			sourceTree = "<group>";
		};
		BEC799D71F73341200CA2E63 = {
			isa = PBXGroup;
			children = (
				BEC799E21F73341200CA2E63 /* Mi primera tabla */,
				BEC799E11F73341200CA2E63 /* Products */,
			);
			sourceTree = "<group>";
		};
		BEC799E11F73341200CA2E63 /* Products */ = {
			isa = PBXGroup;
			children = (
				BEC799E01F73341200CA2E63 /* Mi primera tabla.app */,
			);
			name = Products;
			sourceTree = "<group>";
		};
		BEC799E21F73341200CA2E63 /* Mi primera tabla */ = {
			isa = PBXGroup;
			children = (
				BE67D0561F734A2400CF8BF5 /* Images */,
				BEC799FA1F73359D00CA2E63 /* Main */,
				BEC799FB1F7335AE00CA2E63 /* Controllers */,
				BEC799FC1F73361100CA2E63 /* Cells */,
				BEC799EC1F73341400CA2E63 /* Main.storyboard */,
				BEC799EF1F73341400CA2E63 /* Assets.xcassets */,
				BEC799F11F73341400CA2E63 /* LaunchScreen.storyboard */,
				BEC799F41F73341400CA2E63 /* Info.plist */,
				BEC799E31F73341300CA2E63 /* Supporting Files */,
			);
			path = "Mi primera tabla";
			sourceTree = "<group>";
		};
		BEC799E31F73341300CA2E63 /* Supporting Files */ = {
			isa = PBXGroup;
			children = (
				BEC799E41F73341300CA2E63 /* main.m */,
			);
			name = "Supporting Files";
			sourceTree = "<group>";
		};
		BEC799FA1F73359D00CA2E63 /* Main */ = {
			isa = PBXGroup;
			children = (
				BEC799E61F73341300CA2E63 /* AppDelegate.h */,
				BEC799E71F73341300CA2E63 /* AppDelegate.m */,
			);
			name = Main;
			sourceTree = "<group>";
		};
		BEC799FB1F7335AE00CA2E63 /* Controllers */ = {
			isa = PBXGroup;
			children = (
				BEC799E91F73341300CA2E63 /* ViewController.h */,
				BEC799EA1F73341300CA2E63 /* ViewController.m */,
			);
			name = Controllers;
			sourceTree = "<group>";
		};
		BEC799FC1F73361100CA2E63 /* Cells */ = {
			isa = PBXGroup;
			children = (
				BEC799FD1F7336C100CA2E63 /* cellMainTable.h */,
				BEC799FE1F7336C100CA2E63 /* cellMainTable.m */,
				BEC799FF1F7336C100CA2E63 /* cellMainTable.xib */,
			);
			name = Cells;
			sourceTree = "<group>";
		};
/* End PBXGroup section */

/* Begin PBXNativeTarget section */
		BEC799DF1F73341200CA2E63 /* Mi primera tabla */ = {
			isa = PBXNativeTarget;
			buildConfigurationList = BEC799F71F73341400CA2E63 /* Build configuration list for PBXNativeTarget "Mi primera tabla" */;
			buildPhases = (
				BEC799DC1F73341200CA2E63 /* Sources */,
				BEC799DD1F73341200CA2E63 /* Frameworks */,
				BEC799DE1F73341200CA2E63 /* Resources */,
			);
			buildRules = (
			);
			dependencies = (
			);
			name = "Mi primera tabla";
			productName = "Mi primera tabla";
			productReference = BEC799E01F73341200CA2E63 /* Mi primera tabla.app */;
			productType = "com.apple.product-type.application";
		};
/* End PBXNativeTarget section */

/* Begin PBXProject section */
		BEC799D81F73341200CA2E63 /* Project object */ = {
			isa = PBXProject;
			attributes = {
				LastUpgradeCheck = 0830;
				ORGANIZATIONNAME = VirtualBox;
				TargetAttributes = {
					BEC799DF1F73341200CA2E63 = {
						CreatedOnToolsVersion = 8.3.3;
						ProvisioningStyle = Automatic;
					};
				};
			};
			buildConfigurationList = BEC799DB1F73341200CA2E63 /* Build configuration list for PBXProject "Mi primera tabla" */;
			compatibilityVersion = "Xcode 3.2";
			developmentRegion = English;
			hasScannedForEncodings = 0;
			knownRegions = (
				en,
				Base,
			);
			mainGroup = BEC799D71F73341200CA2E63;
			productRefGroup = BEC799E11F73341200CA2E63 /* Products */;
			projectDirPath = "";
			projectRoot = "";
			targets = (
				BEC799DF1F73341200CA2E63 /* Mi primera tabla */,
			);
		};
/* End PBXProject section */

/* Begin PBXResourcesBuildPhase section */
		BEC799DE1F73341200CA2E63 /* Resources */ = {
			isa = PBXResourcesBuildPhase;
			buildActionMask = 2147483647;
			files = (
				BE67D05E1F734A4A00CF8BF5 /* cersei.jpg in Resources */,
				BEC799F31F73341400CA2E63 /* LaunchScreen.storyboard in Resources */,
				BE67D05D1F734A4A00CF8BF5 /* arya.jpg in Resources */,
				BE67D05F1F734A4A00CF8BF5 /* daenerys.jpg in Resources */,
				BEC799F01F73341400CA2E63 /* Assets.xcassets in Resources */,
				BEC799EE1F73341400CA2E63 /* Main.storyboard in Resources */,
				BE67D0621F734A4A00CF8BF5 /* tyrion.jpg in Resources */,
				BE67D0601F734A4A00CF8BF5 /* jon-snow.jpg in Resources */,
				BEC79A011F7336C100CA2E63 /* cellMainTable.xib in Resources */,
				BE67D0611F734A4A00CF8BF5 /* sansa.jpg in Resources */,
			);
			runOnlyForDeploymentPostprocessing = 0;
		};
/* End PBXResourcesBuildPhase section */

/* Begin PBXSourcesBuildPhase section */
		BEC799DC1F73341200CA2E63 /* Sources */ = {
			isa = PBXSourcesBuildPhase;
			buildActionMask = 2147483647;
			files = (
				BEC799EB1F73341300CA2E63 /* ViewController.m in Sources */,
				BEC799E81F73341300CA2E63 /* AppDelegate.m in Sources */,
				BEC799E51F73341300CA2E63 /* main.m in Sources */,
				BEC79A001F7336C100CA2E63 /* cellMainTable.m in Sources */,
			);
			runOnlyForDeploymentPostprocessing = 0;
		};
/* End PBXSourcesBuildPhase section */

/* Begin PBXVariantGroup section */
		BEC799EC1F73341400CA2E63 /* Main.storyboard */ = {
			isa = PBXVariantGroup;
			children = (
				BEC799ED1F73341400CA2E63 /* Base */,
			);
			name = Main.storyboard;
			sourceTree = "<group>";
		};
		BEC799F11F73341400CA2E63 /* LaunchScreen.storyboard */ = {
			isa = PBXVariantGroup;
			children = (
				BEC799F21F73341400CA2E63 /* Base */,
			);
			name = LaunchScreen.storyboard;
			sourceTree = "<group>";
		};
/* End PBXVariantGroup section */

/* Begin XCBuildConfiguration section */
		BEC799F51F73341400CA2E63 /* Debug */ = {
			isa = XCBuildConfiguration;
			buildSettings = {
				ALWAYS_SEARCH_USER_PATHS = NO;
				CLANG_ANALYZER_NONNULL = YES;
				CLANG_ANALYZER_NUMBER_OBJECT_CONVERSION = YES_AGGRESSIVE;
				CLANG_CXX_LANGUAGE_STANDARD = "gnu++0x";
				CLANG_CXX_LIBRARY = "libc++";
				CLANG_ENABLE_MODULES = YES;
				CLANG_ENABLE_OBJC_ARC = YES;
				CLANG_WARN_BOOL_CONVERSION = YES;
				CLANG_WARN_CONSTANT_CONVERSION = YES;
				CLANG_WARN_DIRECT_OBJC_ISA_USAGE = YES_ERROR;
				CLANG_WARN_DOCUMENTATION_COMMENTS = YES;
				CLANG_WARN_EMPTY_BODY = YES;
				CLANG_WARN_ENUM_CONVERSION = YES;
				CLANG_WARN_INFINITE_RECURSION = YES;
				CLANG_WARN_INT_CONVERSION = YES;
				CLANG_WARN_OBJC_ROOT_CLASS = YES_ERROR;
				CLANG_WARN_SUSPICIOUS_MOVE = YES;
				CLANG_WARN_UNREACHABLE_CODE = YES;
				CLANG_WARN__DUPLICATE_METHOD_MATCH = YES;
				"CODE_SIGN_IDENTITY[sdk=iphoneos*]" = "iPhone Developer";
				COPY_PHASE_STRIP = NO;
				DEBUG_INFORMATION_FORMAT = dwarf;
				ENABLE_STRICT_OBJC_MSGSEND = YES;
				ENABLE_TESTABILITY = YES;
				GCC_C_LANGUAGE_STANDARD = gnu99;
				GCC_DYNAMIC_NO_PIC = NO;
				GCC_NO_COMMON_BLOCKS = YES;
				GCC_OPTIMIZATION_LEVEL = 0;
				GCC_PREPROCESSOR_DEFINITIONS = (
					"DEBUG=1",
					"$(inherited)",
				);
				GCC_WARN_64_TO_32_BIT_CONVERSION = YES;
				GCC_WARN_ABOUT_RETURN_TYPE = YES_ERROR;
				GCC_WARN_UNDECLARED_SELECTOR = YES;
				GCC_WARN_UNINITIALIZED_AUTOS = YES_AGGRESSIVE;
				GCC_WARN_UNUSED_FUNCTION = YES;
				GCC_WARN_UNUSED_VARIABLE = YES;
				IPHONEOS_DEPLOYMENT_TARGET = 10.3;
				MTL_ENABLE_DEBUG_INFO = YES;
				ONLY_ACTIVE_ARCH = YES;
				SDKROOT = iphoneos;
			};
			name = Debug;
		};
		BEC799F61F73341400CA2E63 /* Release */ = {
			isa = XCBuildConfiguration;
			buildSettings = {
				ALWAYS_SEARCH_USER_PATHS = NO;
				CLANG_ANALYZER_NONNULL = YES;
				CLANG_ANALYZER_NUMBER_OBJECT_CONVERSION = YES_AGGRESSIVE;
				CLANG_CXX_LANGUAGE_STANDARD = "gnu++0x";
				CLANG_CXX_LIBRARY = "libc++";
				CLANG_ENABLE_MODULES = YES;
				CLANG_ENABLE_OBJC_ARC = YES;
				CLANG_WARN_BOOL_CONVERSION = YES;
				CLANG_WARN_CONSTANT_CONVERSION = YES;
				CLANG_WARN_DIRECT_OBJC_ISA_USAGE = YES_ERROR;
				CLANG_WARN_DOCUMENTATION_COMMENTS = YES;
				CLANG_WARN_EMPTY_BODY = YES;
				CLANG_WARN_ENUM_CONVERSION = YES;
				CLANG_WARN_INFINITE_RECURSION = YES;
				CLANG_WARN_INT_CONVERSION = YES;
				CLANG_WARN_OBJC_ROOT_CLASS = YES_ERROR;
				CLANG_WARN_SUSPICIOUS_MOVE = YES;
				CLANG_WARN_UNREACHABLE_CODE = YES;
				CLANG_WARN__DUPLICATE_METHOD_MATCH = YES;
				"CODE_SIGN_IDENTITY[sdk=iphoneos*]" = "iPhone Developer";
				COPY_PHASE_STRIP = NO;
				DEBUG_INFORMATION_FORMAT = "dwarf-with-dsym";
				ENABLE_NS_ASSERTIONS = NO;
				ENABLE_STRICT_OBJC_MSGSEND = YES;
				GCC_C_LANGUAGE_STANDARD = gnu99;
				GCC_NO_COMMON_BLOCKS = YES;
				GCC_WARN_64_TO_32_BIT_CONVERSION = YES;
				GCC_WARN_ABOUT_RETURN_TYPE = YES_ERROR;
				GCC_WARN_UNDECLARED_SELECTOR = YES;
				GCC_WARN_UNINITIALIZED_AUTOS = YES_AGGRESSIVE;
				GCC_WARN_UNUSED_FUNCTION = YES;
				GCC_WARN_UNUSED_VARIABLE = YES;
				IPHONEOS_DEPLOYMENT_TARGET = 10.3;
				MTL_ENABLE_DEBUG_INFO = NO;
				SDKROOT = iphoneos;
				VALIDATE_PRODUCT = YES;
			};
			name = Release;
		};
		BEC799F81F73341400CA2E63 /* Debug */ = {
			isa = XCBuildConfiguration;
			buildSettings = {
				ASSETCATALOG_COMPILER_APPICON_NAME = AppIcon;
				INFOPLIST_FILE = "Mi primera tabla/Info.plist";
				LD_RUNPATH_SEARCH_PATHS = "$(inherited) @executable_path/Frameworks";
				PRODUCT_BUNDLE_IDENTIFIER = "com.uag.Mi-primera-tabla";
				PRODUCT_NAME = "$(TARGET_NAME)";
			};
			name = Debug;
		};
		BEC799F91F73341400CA2E63 /* Release */ = {
			isa = XCBuildConfiguration;
			buildSettings = {
				ASSETCATALOG_COMPILER_APPICON_NAME = AppIcon;
				INFOPLIST_FILE = "Mi primera tabla/Info.plist";
				LD_RUNPATH_SEARCH_PATHS = "$(inherited) @executable_path/Frameworks";
				PRODUCT_BUNDLE_IDENTIFIER = "com.uag.Mi-primera-tabla";
				PRODUCT_NAME = "$(TARGET_NAME)";
			};
			name = Release;
		};
/* End XCBuildConfiguration section */

/* Begin XCConfigurationList section */
		BEC799DB1F73341200CA2E63 /* Build configuration list for PBXProject "Mi primera tabla" */ = {
			isa = XCConfigurationList;
			buildConfigurations = (
				BEC799F51F73341400CA2E63 /* Debug */,
				BEC799F61F73341400CA2E63 /* Release */,
			);
			defaultConfigurationIsVisible = 0;
			defaultConfigurationName = Release;
		};
		BEC799F71F73341400CA2E63 /* Build configuration list for PBXNativeTarget "Mi primera tabla" */ = {
			isa = XCConfigurationList;
			buildConfigurations = (
				BEC799F81F73341400CA2E63 /* Debug */,
				BEC799F91F73341400CA2E63 /* Release */,
			);
			defaultConfigurationIsVisible = 0;
			defaultConfigurationName = Release;
		};
/* End XCConfigurationList section */
	};
	rootObject = BEC799D81F73341200CA2E63 /* Project object */;
}
